// !$*UTF8*$!
{
	archiveVersion = 1;
	classes = {
	};
	objectVersion = 55;
	objects = {

/* Begin PBXBuildFile section */
		A861E62C299A0F6D006104EE /* AppDelegate.swift in Sources */ = {isa = PBXBuildFile; fileRef = A861E62B299A0F6D006104EE /* AppDelegate.swift */; };
		A861E62E299A0F6D006104EE /* SceneDelegate.swift in Sources */ = {isa = PBXBuildFile; fileRef = A861E62D299A0F6D006104EE /* SceneDelegate.swift */; };
		A861E630299A0F6D006104EE /* ViewController.swift in Sources */ = {isa = PBXBuildFile; fileRef = A861E62F299A0F6D006104EE /* ViewController.swift */; };
		A861E633299A0F6D006104EE /* Main.storyboard in Resources */ = {isa = PBXBuildFile; fileRef = A861E631299A0F6D006104EE /* Main.storyboard */; };
		A861E635299A0F6F006104EE /* Assets.xcassets in Resources */ = {isa = PBXBuildFile; fileRef = A861E634299A0F6F006104EE /* Assets.xcassets */; };
		A861E638299A0F6F006104EE /* LaunchScreen.storyboard in Resources */ = {isa = PBXBuildFile; fileRef = A861E636299A0F6F006104EE /* LaunchScreen.storyboard */; };
		A861E641299A0FD4006104EE /* libsqlite3.tbd in Frameworks */ = {isa = PBXBuildFile; fileRef = A861E640299A0FCC006104EE /* libsqlite3.tbd */; };
		A861E643299A0FF8006104EE /* DatabaseSqlite.db in Resources */ = {isa = PBXBuildFile; fileRef = A861E642299A0FF8006104EE /* DatabaseSqlite.db */; };
		A861E645299A101B006104EE /* DetailsModel.swift in Sources */ = {isa = PBXBuildFile; fileRef = A861E644299A101B006104EE /* DetailsModel.swift */; };
		A861E647299A108C006104EE /* DBManager.swift in Sources */ = {isa = PBXBuildFile; fileRef = A861E646299A108C006104EE /* DBManager.swift */; };
/* End PBXBuildFile section */

/* Begin PBXFileReference section */
		A861E628299A0F6D006104EE /* DatabaseSqlite.app */ = {isa = PBXFileReference; explicitFileType = wrapper.application; includeInIndex = 0; path = DatabaseSqlite.app; sourceTree = BUILT_PRODUCTS_DIR; };
		A861E62B299A0F6D006104EE /* AppDelegate.swift */ = {isa = PBXFileReference; lastKnownFileType = sourcecode.swift; path = AppDelegate.swift; sourceTree = "<group>"; };
		A861E62D299A0F6D006104EE /* SceneDelegate.swift */ = {isa = PBXFileReference; lastKnownFileType = sourcecode.swift; path = SceneDelegate.swift; sourceTree = "<group>"; };
		A861E62F299A0F6D006104EE /* ViewController.swift */ = {isa = PBXFileReference; lastKnownFileType = sourcecode.swift; path = ViewController.swift; sourceTree = "<group>"; };
		A861E632299A0F6D006104EE /* Base */ = {isa = PBXFileReference; lastKnownFileType = file.storyboard; name = Base; path = Base.lproj/Main.storyboard; sourceTree = "<group>"; };
		A861E634299A0F6F006104EE /* Assets.xcassets */ = {isa = PBXFileReference; lastKnownFileType = folder.assetcatalog; path = Assets.xcassets; sourceTree = "<group>"; };
		A861E637299A0F6F006104EE /* Base */ = {isa = PBXFileReference; lastKnownFileType = file.storyboard; name = Base; path = Base.lproj/LaunchScreen.storyboard; sourceTree = "<group>"; };
		A861E639299A0F6F006104EE /* Info.plist */ = {isa = PBXFileReference; lastKnownFileType = text.plist.xml; path = Info.plist; sourceTree = "<group>"; };
		A861E640299A0FCC006104EE /* libsqlite3.tbd */ = {isa = PBXFileReference; lastKnownFileType = "sourcecode.text-based-dylib-definition"; name = libsqlite3.tbd; path = usr/lib/libsqlite3.tbd; sourceTree = SDKROOT; };
		A861E642299A0FF8006104EE /* DatabaseSqlite.db */ = {isa = PBXFileReference; lastKnownFileType = file; path = DatabaseSqlite.db; sourceTree = "<group>"; };
		A861E644299A101B006104EE /* DetailsModel.swift */ = {isa = PBXFileReference; lastKnownFileType = sourcecode.swift; path = DetailsModel.swift; sourceTree = "<group>"; };
		A861E646299A108C006104EE /* DBManager.swift */ = {isa = PBXFileReference; lastKnownFileType = sourcecode.swift; path = DBManager.swift; sourceTree = "<group>"; };
/* End PBXFileReference section */

/* Begin PBXFrameworksBuildPhase section */
		A861E625299A0F6D006104EE /* Frameworks */ = {
			isa = PBXFrameworksBuildPhase;
			buildActionMask = 2147483647;
			files = (
				A861E641299A0FD4006104EE /* libsqlite3.tbd in Frameworks */,
			);
			runOnlyForDeploymentPostprocessing = 0;
		};
/* End PBXFrameworksBuildPhase section */

/* Begin PBXGroup section */
		A861E61F299A0F6D006104EE = {
			isa = PBXGroup;
			children = (
				A861E62A299A0F6D006104EE /* DatabaseSqlite */,
				A861E629299A0F6D006104EE /* Products */,
				A861E63F299A0FCB006104EE /* Frameworks */,
			);
			sourceTree = "<group>";
		};
		A861E629299A0F6D006104EE /* Products */ = {
			isa = PBXGroup;
			children = (
				A861E628299A0F6D006104EE /* DatabaseSqlite.app */,
			);
			name = Products;
			sourceTree = "<group>";
		};
		A861E62A299A0F6D006104EE /* DatabaseSqlite */ = {
			isa = PBXGroup;
			children = (
				A861E62B299A0F6D006104EE /* AppDelegate.swift */,
				A861E62D299A0F6D006104EE /* SceneDelegate.swift */,
				A861E62F299A0F6D006104EE /* ViewController.swift */,
				A861E646299A108C006104EE /* DBManager.swift */,
				A861E644299A101B006104EE /* DetailsModel.swift */,
				A861E642299A0FF8006104EE /* DatabaseSqlite.db */,
				A861E631299A0F6D006104EE /* Main.storyboard */,
				A861E634299A0F6F006104EE /* Assets.xcassets */,
				A861E636299A0F6F006104EE /* LaunchScreen.storyboard */,
				A861E639299A0F6F006104EE /* Info.plist */,
			);
			path = DatabaseSqlite;
			sourceTree = "<group>";
		};
		A861E63F299A0FCB006104EE /* Frameworks */ = {
			isa = PBXGroup;
			children = (
				A861E640299A0FCC006104EE /* libsqlite3.tbd */,
			);
			name = Frameworks;
			sourceTree = "<group>";
		};
/* End PBXGroup section */

/* Begin PBXNativeTarget section */
		A861E627299A0F6D006104EE /* DatabaseSqlite */ = {
			isa = PBXNativeTarget;
			buildConfigurationList = A861E63C299A0F6F006104EE /* Build configuration list for PBXNativeTarget "DatabaseSqlite" */;
			buildPhases = (
				A861E624299A0F6D006104EE /* Sources */,
				A861E625299A0F6D006104EE /* Frameworks */,
				A861E626299A0F6D006104EE /* Resources */,
			);
			buildRules = (
			);
			dependencies = (
			);
			name = DatabaseSqlite;
			productName = DatabaseSqlite;
			productReference = A861E628299A0F6D006104EE /* DatabaseSqlite.app */;
			productType = "com.apple.product-type.application";
		};
/* End PBXNativeTarget section */

/* Begin PBXProject section */
		A861E620299A0F6D006104EE /* Project object */ = {
			isa = PBXProject;
			attributes = {
				BuildIndependentTargetsInParallel = 1;
				LastSwiftUpdateCheck = 1340;
				LastUpgradeCheck = 1340;
				TargetAttributes = {
					A861E627299A0F6D006104EE = {
						CreatedOnToolsVersion = 13.4.1;
					};
				};
			};
			buildConfigurationList = A861E623299A0F6D006104EE /* Build configuration list for PBXProject "DatabaseSqlite" */;
			compatibilityVersion = "Xcode 13.0";
			developmentRegion = en;
			hasScannedForEncodings = 0;
			knownRegions = (
				en,
				Base,
			);
			mainGroup = A861E61F299A0F6D006104EE;
			productRefGroup = A861E629299A0F6D006104EE /* Products */;
			projectDirPath = "";
			projectRoot = "";
			targets = (
				A861E627299A0F6D006104EE /* DatabaseSqlite */,
			);
		};
/* End PBXProject section */

/* Begin PBXResourcesBuildPhase section */
		A861E626299A0F6D006104EE /* Resources */ = {
			isa = PBXResourcesBuildPhase;
			buildActionMask = 2147483647;
			files = (
				A861E643299A0FF8006104EE /* DatabaseSqlite.db in Resources */,
				A861E638299A0F6F006104EE /* LaunchScreen.storyboard in Resources */,
				A861E635299A0F6F006104EE /* Assets.xcassets in Resources */,
				A861E633299A0F6D006104EE /* Main.storyboard in Resources */,
			);
			runOnlyForDeploymentPostprocessing = 0;
		};
/* End PBXResourcesBuildPhase section */

/* Begin PBXSourcesBuildPhase section */
		A861E624299A0F6D006104EE /* Sources */ = {
			isa = PBXSourcesBuildPhase;
			buildActionMask = 2147483647;
			files = (
				A861E647299A108C006104EE /* DBManager.swift in Sources */,
				A861E645299A101B006104EE /* DetailsModel.swift in Sources */,
				A861E630299A0F6D006104EE /* ViewController.swift in Sources */,
				A861E62C299A0F6D006104EE /* AppDelegate.swift in Sources */,
				A861E62E299A0F6D006104EE /* SceneDelegate.swift in Sources */,
			);
			runOnlyForDeploymentPostprocessing = 0;
		};
/* End PBXSourcesBuildPhase section */

/* Begin PBXVariantGroup section */
		A861E631299A0F6D006104EE /* Main.storyboard */ = {
			isa = PBXVariantGroup;
			children = (
				A861E632299A0F6D006104EE /* Base */,
			);
			name = Main.storyboard;
			sourceTree = "<group>";
		};
		A861E636299A0F6F006104EE /* LaunchScreen.storyboard */ = {
			isa = PBXVariantGroup;
			children = (
				A861E637299A0F6F006104EE /* Base */,
			);
			name = LaunchScreen.storyboard;
			sourceTree = "<group>";
		};
/* End PBXVariantGroup section */

/* Begin XCBuildConfiguration section */
		A861E63A299A0F6F006104EE /* Debug */ = {
			isa = XCBuildConfiguration;
			buildSettings = {
				ALWAYS_SEARCH_USER_PATHS = NO;
				CLANG_ANALYZER_NONNULL = YES;
				CLANG_ANALYZER_NUMBER_OBJECT_CONVERSION = YES_AGGRESSIVE;
				CLANG_CXX_LANGUAGE_STANDARD = "gnu++17";
				CLANG_ENABLE_MODULES = YES;
				CLANG_ENABLE_OBJC_ARC = YES;
				CLANG_ENABLE_OBJC_WEAK = YES;
				CLANG_WARN_BLOCK_CAPTURE_AUTORELEASING = YES;
				CLANG_WARN_BOOL_CONVERSION = YES;
				CLANG_WARN_COMMA = YES;
				CLANG_WARN_CONSTANT_CONVERSION = YES;
				CLANG_WARN_DEPRECATED_OBJC_IMPLEMENTATIONS = YES;
				CLANG_WARN_DIRECT_OBJC_ISA_USAGE = YES_ERROR;
				CLANG_WARN_DOCUMENTATION_COMMENTS = YES;
				CLANG_WARN_EMPTY_BODY = YES;
				CLANG_WARN_ENUM_CONVERSION = YES;
				CLANG_WARN_INFINITE_RECURSION = YES;
				CLANG_WARN_INT_CONVERSION = YES;
				CLANG_WARN_NON_LITERAL_NULL_CONVERSION = YES;
				CLANG_WARN_OBJC_IMPLICIT_RETAIN_SELF = YES;
				CLANG_WARN_OBJC_LITERAL_CONVERSION = YES;
				CLANG_WARN_OBJC_ROOT_CLASS = YES_ERROR;
				CLANG_WARN_QUOTED_INCLUDE_IN_FRAMEWORK_HEADER = YES;
				CLANG_WARN_RANGE_LOOP_ANALYSIS = YES;
				CLANG_WARN_STRICT_PROTOTYPES = YES;
				CLANG_WARN_SUSPICIOUS_MOVE = YES;
				CLANG_WARN_UNGUARDED_AVAILABILITY = YES_AGGRESSIVE;
				CLANG_WARN_UNREACHABLE_CODE = YES;
				CLANG_WARN__DUPLICATE_METHOD_MATCH = YES;
				COPY_PHASE_STRIP = NO;
				DEBUG_INFORMATION_FORMAT = dwarf;
				ENABLE_STRICT_OBJC_MSGSEND = YES;
				ENABLE_TESTABILITY = YES;
				GCC_C_LANGUAGE_STANDARD = gnu11;
				GCC_DYNAMIC_NO_PIC = NO;
				GCC_NO_COMMON_BLOCKS = YES;
				GCC_OPTIMIZATION_LEVEL = 0;
				GCC_PREPROCESSOR_DEFINITIONS = (
					"DEBUG=1",
					"$(inherited)",
				);
				GCC_WARN_64_TO_32_BIT_CONVERSION = YES;
				GCC_WARN_ABOUT_RETURN_TYPE = YES_ERROR;
				GCC_WARN_UNDECLARED_SELECTOR = YES;
				GCC_WARN_UNINITIALIZED_AUTOS = YES_AGGRESSIVE;
				GCC_WARN_UNUSED_FUNCTION = YES;
				GCC_WARN_UNUSED_VARIABLE = YES;
				IPHONEOS_DEPLOYMENT_TARGET = 15.5;
				MTL_ENABLE_DEBUG_INFO = INCLUDE_SOURCE;
				MTL_FAST_MATH = YES;
				ONLY_ACTIVE_ARCH = YES;
				SDKROOT = iphoneos;
				SWIFT_ACTIVE_COMPILATION_CONDITIONS = DEBUG;
				SWIFT_OPTIMIZATION_LEVEL = "-Onone";
			};
			name = Debug;
		};
		A861E63B299A0F6F006104EE /* Release */ = {
			isa = XCBuildConfiguration;
			buildSettings = {
				ALWAYS_SEARCH_USER_PATHS = NO;
				CLANG_ANALYZER_NONNULL = YES;
				CLANG_ANALYZER_NUMBER_OBJECT_CONVERSION = YES_AGGRESSIVE;
				CLANG_CXX_LANGUAGE_STANDARD = "gnu++17";
				CLANG_ENABLE_MODULES = YES;
				CLANG_ENABLE_OBJC_ARC = YES;
				CLANG_ENABLE_OBJC_WEAK = YES;
				CLANG_WARN_BLOCK_CAPTURE_AUTORELEASING = YES;
				CLANG_WARN_BOOL_CONVERSION = YES;
				CLANG_WARN_COMMA = YES;
				CLANG_WARN_CONSTANT_CONVERSION = YES;
				CLANG_WARN_DEPRECATED_OBJC_IMPLEMENTATIONS = YES;
				CLANG_WARN_DIRECT_OBJC_ISA_USAGE = YES_ERROR;
				CLANG_WARN_DOCUMENTATION_COMMENTS = YES;
				CLANG_WARN_EMPTY_BODY = YES;
				CLANG_WARN_ENUM_CONVERSION = YES;
				CLANG_WARN_INFINITE_RECURSION = YES;
				CLANG_WARN_INT_CONVERSION = YES;
				CLANG_WARN_NON_LITERAL_NULL_CONVERSION = YES;
				CLANG_WARN_OBJC_IMPLICIT_RETAIN_SELF = YES;
				CLANG_WARN_OBJC_LITERAL_CONVERSION = YES;
				CLANG_WARN_OBJC_ROOT_CLASS = YES_ERROR;
				CLANG_WARN_QUOTED_INCLUDE_IN_FRAMEWORK_HEADER = YES;
				CLANG_WARN_RANGE_LOOP_ANALYSIS = YES;
				CLANG_WARN_STRICT_PROTOTYPES = YES;
				CLANG_WARN_SUSPICIOUS_MOVE = YES;
				CLANG_WARN_UNGUARDED_AVAILABILITY = YES_AGGRESSIVE;
				CLANG_WARN_UNREACHABLE_CODE = YES;
				CLANG_WARN__DUPLICATE_METHOD_MATCH = YES;
				COPY_PHASE_STRIP = NO;
				DEBUG_INFORMATION_FORMAT = "dwarf-with-dsym";
				ENABLE_NS_ASSERTIONS = NO;
				ENABLE_STRICT_OBJC_MSGSEND = YES;
				GCC_C_LANGUAGE_STANDARD = gnu11;
				GCC_NO_COMMON_BLOCKS = YES;
				GCC_WARN_64_TO_32_BIT_CONVERSION = YES;
				GCC_WARN_ABOUT_RETURN_TYPE = YES_ERROR;
				GCC_WARN_UNDECLARED_SELECTOR = YES;
				GCC_WARN_UNINITIALIZED_AUTOS = YES_AGGRESSIVE;
				GCC_WARN_UNUSED_FUNCTION = YES;
				GCC_WARN_UNUSED_VARIABLE = YES;
				IPHONEOS_DEPLOYMENT_TARGET = 15.5;
				MTL_ENABLE_DEBUG_INFO = NO;
				MTL_FAST_MATH = YES;
				SDKROOT = iphoneos;
				SWIFT_COMPILATION_MODE = wholemodule;
				SWIFT_OPTIMIZATION_LEVEL = "-O";
				VALIDATE_PRODUCT = YES;
			};
			name = Release;
		};
		A861E63D299A0F6F006104EE /* Debug */ = {
			isa = XCBuildConfiguration;
			buildSettings = {
				ASSETCATALOG_COMPILER_APPICON_NAME = AppIcon;
				ASSETCATALOG_COMPILER_GLOBAL_ACCENT_COLOR_NAME = AccentColor;
				CODE_SIGN_STYLE = Automatic;
				CURRENT_PROJECT_VERSION = 1;
				GENERATE_INFOPLIST_FILE = YES;
				INFOPLIST_FILE = DatabaseSqlite/Info.plist;
				INFOPLIST_KEY_UIApplicationSupportsIndirectInputEvents = YES;
				INFOPLIST_KEY_UILaunchStoryboardName = LaunchScreen;
				INFOPLIST_KEY_UIMainStoryboardFile = Main;
				INFOPLIST_KEY_UISupportedInterfaceOrientations_iPad = "UIInterfaceOrientationPortrait UIInterfaceOrientationPortraitUpsideDown UIInterfaceOrientationLandscapeLeft UIInterfaceOrientationLandscapeRight";
				INFOPLIST_KEY_UISupportedInterfaceOrientations_iPhone = "UIInterfaceOrientationPortrait UIInterfaceOrientationLandscapeLeft UIInterfaceOrientationLandscapeRight";
				LD_RUNPATH_SEARCH_PATHS = (
					"$(inherited)",
					"@executable_path/Frameworks",
				);
				MARKETING_VERSION = 1.0;
				PRODUCT_BUNDLE_IDENTIFIER = com.nimapinfotech.DatabaseSqlite;
				PRODUCT_NAME = "$(TARGET_NAME)";
				SWIFT_EMIT_LOC_STRINGS = YES;
				SWIFT_VERSION = 5.0;
				TARGETED_DEVICE_FAMILY = "1,2";
			};
			name = Debug;
		};
		A861E63E299A0F6F006104EE /* Release */ = {
			isa = XCBuildConfiguration;
			buildSettings = {
				ASSETCATALOG_COMPILER_APPICON_NAME = AppIcon;
				ASSETCATALOG_COMPILER_GLOBAL_ACCENT_COLOR_NAME = AccentColor;
				CODE_SIGN_STYLE = Automatic;
				CURRENT_PROJECT_VERSION = 1;
				GENERATE_INFOPLIST_FILE = YES;
				INFOPLIST_FILE = DatabaseSqlite/Info.plist;
				INFOPLIST_KEY_UIApplicationSupportsIndirectInputEvents = YES;
				INFOPLIST_KEY_UILaunchStoryboardName = LaunchScreen;
				INFOPLIST_KEY_UIMainStoryboardFile = Main;
				INFOPLIST_KEY_UISupportedInterfaceOrientations_iPad = "UIInterfaceOrientationPortrait UIInterfaceOrientationPortraitUpsideDown UIInterfaceOrientationLandscapeLeft UIInterfaceOrientationLandscapeRight";
				INFOPLIST_KEY_UISupportedInterfaceOrientations_iPhone = "UIInterfaceOrientationPortrait UIInterfaceOrientationLandscapeLeft UIInterfaceOrientationLandscapeRight";
				LD_RUNPATH_SEARCH_PATHS = (
					"$(inherited)",
					"@executable_path/Frameworks",
				);
				MARKETING_VERSION = 1.0;
				PRODUCT_BUNDLE_IDENTIFIER = com.nimapinfotech.DatabaseSqlite;
				PRODUCT_NAME = "$(TARGET_NAME)";
				SWIFT_EMIT_LOC_STRINGS = YES;
				SWIFT_VERSION = 5.0;
				TARGETED_DEVICE_FAMILY = "1,2";
			};
			name = Release;
		};
/* End XCBuildConfiguration section */

/* Begin XCConfigurationList section */
		A861E623299A0F6D006104EE /* Build configuration list for PBXProject "DatabaseSqlite" */ = {
			isa = XCConfigurationList;
			buildConfigurations = (
				A861E63A299A0F6F006104EE /* Debug */,
				A861E63B299A0F6F006104EE /* Release */,
			);
			defaultConfigurationIsVisible = 0;
			defaultConfigurationName = Release;
		};
		A861E63C299A0F6F006104EE /* Build configuration list for PBXNativeTarget "DatabaseSqlite" */ = {
			isa = XCConfigurationList;
			buildConfigurations = (
				A861E63D299A0F6F006104EE /* Debug */,
				A861E63E299A0F6F006104EE /* Release */,
			);
			defaultConfigurationIsVisible = 0;
			defaultConfigurationName = Release;
		};
/* End XCConfigurationList section */
	};
	rootObject = A861E620299A0F6D006104EE /* Project object */;
}
